
Microsoft Visual Studio Solution File, Format Version 12.00
# Visual Studio Version 16
VisualStudioVersion = 16.0.29519.87
MinimumVisualStudioVersion = 10.0.40219.1
Project("{FAE04EC0-301F-11D3-BF4B-00C04F79EFBC}") = "MainLoginStudy", "MainLoginStudy.csproj", "{8FB22020-1939-46B9-A17B-D58DF69A4ED5}"
EndProject
Global
	GlobalSection(SolutionConfigurationPlatforms) = preSolution
		Debug|Any CPU = Debug|Any CPU
		Release|Any CPU = Release|Any CPU
	EndGlobalSection
	GlobalSection(ProjectConfigurationPlatforms) = postSolution
		{8FB22020-1939-46B9-A17B-D58DF69A4ED5}.Debug|Any CPU.ActiveCfg = Debug|Any CPU
		{8FB22020-1939-46B9-A17B-D58DF69A4ED5}.Debug|Any CPU.Build.0 = Debug|Any CPU
		{8FB22020-1939-46B9-A17B-D58DF69A4ED5}.Release|Any CPU.ActiveCfg = Release|Any CPU
		{8FB22020-1939-46B9-A17B-D58DF69A4ED5}.Release|Any CPU.Build.0 = Release|Any CPU
	EndGlobalSection
	GlobalSection(SolutionProperties) = preSolution
		HideSolutionNode = FALSE
	EndGlobalSection
	GlobalSection(ExtensibilityGlobals) = postSolution
		SolutionGuid = {C18E99B5-D406-4F55-B0FA-2B0937559AF2}
	EndGlobalSection
EndGlobal
